{
  "object": {
    "pins": [
      {
        "package": "ciperf3",
        "repositoryURL": "https://github.com/karlis/ciperf3",
        "state": {
          "branch": null,
          "revision": "e832e6744bf45aa68ca88e2d2e63bccc67c99e29",
          "version": "1.0.4"
        }
      }
    ]
  },
  "version": 1
}
