{
  "object": {
    "pins": [
      {
        "package": "ciperf3",
        "repositoryURL": "https://github.com/karlis/ciperf3",
        "state": {
          "branch": null,
          "revision": "b29a049249494abb99dd52e81276bdd5a0ca8d5e",
          "version": "1.0.3"
        }
      }
    ]
  },
  "version": 1
}
